<?xml version="1.0" encoding="utf-8"?>
<Project ToolsVersion="4.0" xmlns="http://schemas.microsoft.com/developer/msbuild/2003">
  <ItemGroup>
    <Filter Include="Source Files">
      <UniqueIdentifier>{4FC737F1-C7A5-4376-A066-2A32D752A2FF}</UniqueIdentifier>
      <Extensions>cpp;c;cc;cxx;def;odl;idl;hpj;bat;asm;asmx</Extensions>
    </Filter>
    <Filter Include="Header Files">
      <UniqueIdentifier>{93995380-89BD-4b04-88EB-625FBE52EBFB}</UniqueIdentifier>
      <Extensions>h;hh;hpp;hxx;hm;inl;inc;xsd</Extensions>
    </Filter>
  </ItemGroup>
  <ItemGroup>
    <ClCompile Include="rtengine.cpp">
      <Filter>Source Files</Filter>
    </ClCompile>
    <ClCompile Include="ossl_digest.cpp">
      <Filter>Source Files</Filter>
    </ClCompile>
    <ClCompile Include="ossl_keyPair.cpp">
      <Filter>Source Files</Filter>
    </ClCompile>
    <ClCompile Include="ossl_reqConfig.cpp">
      <Filter>Source Files</Filter>
    </ClCompile>
    <ClCompile Include="ossl_certificate.cpp">
      <Filter>Source Files</Filter>
    </ClCompile>
    <ClCompile Include="ossl_request.cpp">
      <Filter>Source Files</Filter>
    </ClCompile>
    <ClCompile Include="ossl_cms.cpp">
      <Filter>Source Files</Filter>
    </ClCompile>
    <ClCompile Include="ossl_ca.cpp">
      <Filter>Source Files</Filter>
    </ClCompile>
    <ClCompile Include="ossl_crl.cpp">
      <Filter>Source Files</Filter>
    </ClCompile>
    <ClCompile Include="ossl_cipher.cpp">
      <Filter>Source Files</Filter>
    </ClCompile>
  </ItemGroup>
  <ItemGroup>
    <ClInclude Include="rtengine.h">
      <Filter>Header Files</Filter>
    </ClInclude>
    <ClInclude Include="ossl_digest.h">
      <Filter>Header Files</Filter>
    </ClInclude>
    <ClInclude Include="ossl_keyPair.h">
      <Filter>Header Files</Filter>
    </ClInclude>
    <ClInclude Include="ossl_certificate.h">
      <Filter>Header Files</Filter>
    </ClInclude>
    <ClInclude Include="ossl_certConfig.h">
      <Filter>Header Files</Filter>
    </ClInclude>
    <ClInclude Include="ossl_request.h">
      <Filter>Header Files</Filter>
    </ClInclude>
    <ClInclude Include="ossl_cms.h">
      <Filter>Header Files</Filter>
    </ClInclude>
    <ClInclude Include="ossl_ca.h">
      <Filter>Header Files</Filter>
    </ClInclude>
    <ClInclude Include="ossl_crl.h">
      <Filter>Header Files</Filter>
    </ClInclude>
    <ClInclude Include="ossl_reqConfig.h">
      <Filter>Header Files</Filter>
    </ClInclude>
    <ClInclude Include="ossl_cipher.h">
      <Filter>Header Files</Filter>
    </ClInclude>
    <ClInclude Include="noncopyable.h">
      <Filter>Header Files</Filter>
    </ClInclude>
    <ClInclude Include="types.h">
      <Filter>Header Files</Filter>
    </ClInclude>
  </ItemGroup>
</Project>